// !$*UTF8*$!
{
	archiveVersion = 1;
	classes = {
	};
	objectVersion = 55;
	objects = {

/* Begin PBXBuildFile section */
		5C791E2F27D21B4000D673BA /* MyLibApp.swift in Sources */ = {isa = PBXBuildFile; fileRef = 5C791E2E27D21B4000D673BA /* MyLibApp.swift */; };
		5C791E3127D21B4000D673BA /* ContentView.swift in Sources */ = {isa = PBXBuildFile; fileRef = 5C791E3027D21B4000D673BA /* ContentView.swift */; };
		5C791E3327D21B4600D673BA /* Assets.xcassets in Resources */ = {isa = PBXBuildFile; fileRef = 5C791E3227D21B4600D673BA /* Assets.xcassets */; };
		5C791E3627D21B4600D673BA /* Preview Assets.xcassets in Resources */ = {isa = PBXBuildFile; fileRef = 5C791E3527D21B4600D673BA /* Preview Assets.xcassets */; };
		5C791E3827D21B4600D673BA /* Persistence.swift in Sources */ = {isa = PBXBuildFile; fileRef = 5C791E3727D21B4600D673BA /* Persistence.swift */; };
		5C791E3B27D21B4600D673BA /* MyLib.xcdatamodeld in Sources */ = {isa = PBXBuildFile; fileRef = 5C791E3927D21B4600D673BA /* MyLib.xcdatamodeld */; };
		5C791E4527D21B4600D673BA /* MyLibTests.swift in Sources */ = {isa = PBXBuildFile; fileRef = 5C791E4427D21B4600D673BA /* MyLibTests.swift */; };
		5C791E4F27D21B4600D673BA /* MyLibUITests.swift in Sources */ = {isa = PBXBuildFile; fileRef = 5C791E4E27D21B4600D673BA /* MyLibUITests.swift */; };
		5C791E5127D21B4600D673BA /* MyLibUITestsLaunchTests.swift in Sources */ = {isa = PBXBuildFile; fileRef = 5C791E5027D21B4600D673BA /* MyLibUITestsLaunchTests.swift */; };
/* End PBXBuildFile section */

/* Begin PBXContainerItemProxy section */
		5C791E4127D21B4600D673BA /* PBXContainerItemProxy */ = {
			isa = PBXContainerItemProxy;
			containerPortal = 5C791E2327D21B4000D673BA /* Project object */;
			proxyType = 1;
			remoteGlobalIDString = 5C791E2A27D21B4000D673BA;
			remoteInfo = MyLib;
		};
		5C791E4B27D21B4600D673BA /* PBXContainerItemProxy */ = {
			isa = PBXContainerItemProxy;
			containerPortal = 5C791E2327D21B4000D673BA /* Project object */;
			proxyType = 1;
			remoteGlobalIDString = 5C791E2A27D21B4000D673BA;
			remoteInfo = MyLib;
		};
/* End PBXContainerItemProxy section */

/* Begin PBXFileReference section */
		5C791E2B27D21B4000D673BA /* MyLib.app */ = {isa = PBXFileReference; explicitFileType = wrapper.application; includeInIndex = 0; path = MyLib.app; sourceTree = BUILT_PRODUCTS_DIR; };
		5C791E2E27D21B4000D673BA /* MyLibApp.swift */ = {isa = PBXFileReference; lastKnownFileType = sourcecode.swift; path = MyLibApp.swift; sourceTree = "<group>"; };
		5C791E3027D21B4000D673BA /* ContentView.swift */ = {isa = PBXFileReference; lastKnownFileType = sourcecode.swift; path = ContentView.swift; sourceTree = "<group>"; };
		5C791E3227D21B4600D673BA /* Assets.xcassets */ = {isa = PBXFileReference; lastKnownFileType = folder.assetcatalog; path = Assets.xcassets; sourceTree = "<group>"; };
		5C791E3527D21B4600D673BA /* Preview Assets.xcassets */ = {isa = PBXFileReference; lastKnownFileType = folder.assetcatalog; path = "Preview Assets.xcassets"; sourceTree = "<group>"; };
		5C791E3727D21B4600D673BA /* Persistence.swift */ = {isa = PBXFileReference; lastKnownFileType = sourcecode.swift; path = Persistence.swift; sourceTree = "<group>"; };
		5C791E3A27D21B4600D673BA /* MyLib.xcdatamodel */ = {isa = PBXFileReference; lastKnownFileType = wrapper.xcdatamodel; path = MyLib.xcdatamodel; sourceTree = "<group>"; };
		5C791E4027D21B4600D673BA /* MyLibTests.xctest */ = {isa = PBXFileReference; explicitFileType = wrapper.cfbundle; includeInIndex = 0; path = MyLibTests.xctest; sourceTree = BUILT_PRODUCTS_DIR; };
		5C791E4427D21B4600D673BA /* MyLibTests.swift */ = {isa = PBXFileReference; lastKnownFileType = sourcecode.swift; path = MyLibTests.swift; sourceTree = "<group>"; };
		5C791E4A27D21B4600D673BA /* MyLibUITests.xctest */ = {isa = PBXFileReference; explicitFileType = wrapper.cfbundle; includeInIndex = 0; path = MyLibUITests.xctest; sourceTree = BUILT_PRODUCTS_DIR; };
		5C791E4E27D21B4600D673BA /* MyLibUITests.swift */ = {isa = PBXFileReference; lastKnownFileType = sourcecode.swift; path = MyLibUITests.swift; sourceTree = "<group>"; };
		5C791E5027D21B4600D673BA /* MyLibUITestsLaunchTests.swift */ = {isa = PBXFileReference; lastKnownFileType = sourcecode.swift; path = MyLibUITestsLaunchTests.swift; sourceTree = "<group>"; };
/* End PBXFileReference section */

/* Begin PBXFrameworksBuildPhase section */
		5C791E2827D21B4000D673BA /* Frameworks */ = {
			isa = PBXFrameworksBuildPhase;
			buildActionMask = 2147483647;
			files = (
			);
			runOnlyForDeploymentPostprocessing = 0;
		};
		5C791E3D27D21B4600D673BA /* Frameworks */ = {
			isa = PBXFrameworksBuildPhase;
			buildActionMask = 2147483647;
			files = (
			);
			runOnlyForDeploymentPostprocessing = 0;
		};
		5C791E4727D21B4600D673BA /* Frameworks */ = {
			isa = PBXFrameworksBuildPhase;
			buildActionMask = 2147483647;
			files = (
			);
			runOnlyForDeploymentPostprocessing = 0;
		};
/* End PBXFrameworksBuildPhase section */

/* Begin PBXGroup section */
		5C791E2227D21B4000D673BA = {
			isa = PBXGroup;
			children = (
				5C791E2D27D21B4000D673BA /* MyLib */,
				5C791E4327D21B4600D673BA /* MyLibTests */,
				5C791E4D27D21B4600D673BA /* MyLibUITests */,
				5C791E2C27D21B4000D673BA /* Products */,
			);
			sourceTree = "<group>";
		};
		5C791E2C27D21B4000D673BA /* Products */ = {
			isa = PBXGroup;
			children = (
				5C791E2B27D21B4000D673BA /* MyLib.app */,
				5C791E4027D21B4600D673BA /* MyLibTests.xctest */,
				5C791E4A27D21B4600D673BA /* MyLibUITests.xctest */,
			);
			name = Products;
			sourceTree = "<group>";
		};
		5C791E2D27D21B4000D673BA /* MyLib */ = {
			isa = PBXGroup;
			children = (
				5C791E2E27D21B4000D673BA /* MyLibApp.swift */,
				5C791E3027D21B4000D673BA /* ContentView.swift */,
				5C791E3227D21B4600D673BA /* Assets.xcassets */,
				5C791E3727D21B4600D673BA /* Persistence.swift */,
				5C791E3927D21B4600D673BA /* MyLib.xcdatamodeld */,
				5C791E3427D21B4600D673BA /* Preview Content */,
			);
			path = MyLib;
			sourceTree = "<group>";
		};
		5C791E3427D21B4600D673BA /* Preview Content */ = {
			isa = PBXGroup;
			children = (
				5C791E3527D21B4600D673BA /* Preview Assets.xcassets */,
			);
			path = "Preview Content";
			sourceTree = "<group>";
		};
		5C791E4327D21B4600D673BA /* MyLibTests */ = {
			isa = PBXGroup;
			children = (
				5C791E4427D21B4600D673BA /* MyLibTests.swift */,
			);
			path = MyLibTests;
			sourceTree = "<group>";
		};
		5C791E4D27D21B4600D673BA /* MyLibUITests */ = {
			isa = PBXGroup;
			children = (
				5C791E4E27D21B4600D673BA /* MyLibUITests.swift */,
				5C791E5027D21B4600D673BA /* MyLibUITestsLaunchTests.swift */,
			);
			path = MyLibUITests;
			sourceTree = "<group>";
		};
/* End PBXGroup section */

/* Begin PBXNativeTarget section */
		5C791E2A27D21B4000D673BA /* MyLib */ = {
			isa = PBXNativeTarget;
			buildConfigurationList = 5C791E5427D21B4600D673BA /* Build configuration list for PBXNativeTarget "MyLib" */;
			buildPhases = (
				5C791E2727D21B4000D673BA /* Sources */,
				5C791E2827D21B4000D673BA /* Frameworks */,
				5C791E2927D21B4000D673BA /* Resources */,
			);
			buildRules = (
			);
			dependencies = (
			);
			name = MyLib;
			productName = MyLib;
			productReference = 5C791E2B27D21B4000D673BA /* MyLib.app */;
			productType = "com.apple.product-type.application";
		};
		5C791E3F27D21B4600D673BA /* MyLibTests */ = {
			isa = PBXNativeTarget;
			buildConfigurationList = 5C791E5727D21B4600D673BA /* Build configuration list for PBXNativeTarget "MyLibTests" */;
			buildPhases = (
				5C791E3C27D21B4600D673BA /* Sources */,
				5C791E3D27D21B4600D673BA /* Frameworks */,
				5C791E3E27D21B4600D673BA /* Resources */,
			);
			buildRules = (
			);
			dependencies = (
				5C791E4227D21B4600D673BA /* PBXTargetDependency */,
			);
			name = MyLibTests;
			productName = MyLibTests;
			productReference = 5C791E4027D21B4600D673BA /* MyLibTests.xctest */;
			productType = "com.apple.product-type.bundle.unit-test";
		};
		5C791E4927D21B4600D673BA /* MyLibUITests */ = {
			isa = PBXNativeTarget;
			buildConfigurationList = 5C791E5A27D21B4600D673BA /* Build configuration list for PBXNativeTarget "MyLibUITests" */;
			buildPhases = (
				5C791E4627D21B4600D673BA /* Sources */,
				5C791E4727D21B4600D673BA /* Frameworks */,
				5C791E4827D21B4600D673BA /* Resources */,
			);
			buildRules = (
			);
			dependencies = (
				5C791E4C27D21B4600D673BA /* PBXTargetDependency */,
			);
			name = MyLibUITests;
			productName = MyLibUITests;
			productReference = 5C791E4A27D21B4600D673BA /* MyLibUITests.xctest */;
			productType = "com.apple.product-type.bundle.ui-testing";
		};
/* End PBXNativeTarget section */

/* Begin PBXProject section */
		5C791E2327D21B4000D673BA /* Project object */ = {
			isa = PBXProject;
			attributes = {
				BuildIndependentTargetsInParallel = 1;
				LastSwiftUpdateCheck = 1320;
				LastUpgradeCheck = 1320;
				TargetAttributes = {
					5C791E2A27D21B4000D673BA = {
						CreatedOnToolsVersion = 13.2.1;
					};
					5C791E3F27D21B4600D673BA = {
						CreatedOnToolsVersion = 13.2.1;
						TestTargetID = 5C791E2A27D21B4000D673BA;
					};
					5C791E4927D21B4600D673BA = {
						CreatedOnToolsVersion = 13.2.1;
						TestTargetID = 5C791E2A27D21B4000D673BA;
					};
				};
			};
			buildConfigurationList = 5C791E2627D21B4000D673BA /* Build configuration list for PBXProject "MyLib" */;
			compatibilityVersion = "Xcode 13.0";
			developmentRegion = en;
			hasScannedForEncodings = 0;
			knownRegions = (
				en,
				Base,
			);
			mainGroup = 5C791E2227D21B4000D673BA;
			productRefGroup = 5C791E2C27D21B4000D673BA /* Products */;
			projectDirPath = "";
			projectRoot = "";
			targets = (
				5C791E2A27D21B4000D673BA /* MyLib */,
				5C791E3F27D21B4600D673BA /* MyLibTests */,
				5C791E4927D21B4600D673BA /* MyLibUITests */,
			);
		};
/* End PBXProject section */

/* Begin PBXResourcesBuildPhase section */
		5C791E2927D21B4000D673BA /* Resources */ = {
			isa = PBXResourcesBuildPhase;
			buildActionMask = 2147483647;
			files = (
				5C791E3627D21B4600D673BA /* Preview Assets.xcassets in Resources */,
				5C791E3327D21B4600D673BA /* Assets.xcassets in Resources */,
			);
			runOnlyForDeploymentPostprocessing = 0;
		};
		5C791E3E27D21B4600D673BA /* Resources */ = {
			isa = PBXResourcesBuildPhase;
			buildActionMask = 2147483647;
			files = (
			);
			runOnlyForDeploymentPostprocessing = 0;
		};
		5C791E4827D21B4600D673BA /* Resources */ = {
			isa = PBXResourcesBuildPhase;
			buildActionMask = 2147483647;
			files = (
			);
			runOnlyForDeploymentPostprocessing = 0;
		};
/* End PBXResourcesBuildPhase section */

/* Begin PBXSourcesBuildPhase section */
		5C791E2727D21B4000D673BA /* Sources */ = {
			isa = PBXSourcesBuildPhase;
			buildActionMask = 2147483647;
			files = (
				5C791E3827D21B4600D673BA /* Persistence.swift in Sources */,
				5C791E3127D21B4000D673BA /* ContentView.swift in Sources */,
				5C791E2F27D21B4000D673BA /* MyLibApp.swift in Sources */,
				5C791E3B27D21B4600D673BA /* MyLib.xcdatamodeld in Sources */,
			);
			runOnlyForDeploymentPostprocessing = 0;
		};
		5C791E3C27D21B4600D673BA /* Sources */ = {
			isa = PBXSourcesBuildPhase;
			buildActionMask = 2147483647;
			files = (
				5C791E4527D21B4600D673BA /* MyLibTests.swift in Sources */,
			);
			runOnlyForDeploymentPostprocessing = 0;
		};
		5C791E4627D21B4600D673BA /* Sources */ = {
			isa = PBXSourcesBuildPhase;
			buildActionMask = 2147483647;
			files = (
				5C791E5127D21B4600D673BA /* MyLibUITestsLaunchTests.swift in Sources */,
				5C791E4F27D21B4600D673BA /* MyLibUITests.swift in Sources */,
			);
			runOnlyForDeploymentPostprocessing = 0;
		};
/* End PBXSourcesBuildPhase section */

/* Begin PBXTargetDependency section */
		5C791E4227D21B4600D673BA /* PBXTargetDependency */ = {
			isa = PBXTargetDependency;
			target = 5C791E2A27D21B4000D673BA /* MyLib */;
			targetProxy = 5C791E4127D21B4600D673BA /* PBXContainerItemProxy */;
		};
		5C791E4C27D21B4600D673BA /* PBXTargetDependency */ = {
			isa = PBXTargetDependency;
			target = 5C791E2A27D21B4000D673BA /* MyLib */;
			targetProxy = 5C791E4B27D21B4600D673BA /* PBXContainerItemProxy */;
		};
/* End PBXTargetDependency section */

/* Begin XCBuildConfiguration section */
		5C791E5227D21B4600D673BA /* Debug */ = {
			isa = XCBuildConfiguration;
			buildSettings = {
				ALWAYS_SEARCH_USER_PATHS = NO;
				CLANG_ANALYZER_NONNULL = YES;
				CLANG_ANALYZER_NUMBER_OBJECT_CONVERSION = YES_AGGRESSIVE;
				CLANG_CXX_LANGUAGE_STANDARD = "gnu++17";
				CLANG_CXX_LIBRARY = "libc++";
				CLANG_ENABLE_MODULES = YES;
				CLANG_ENABLE_OBJC_ARC = YES;
				CLANG_ENABLE_OBJC_WEAK = YES;
				CLANG_WARN_BLOCK_CAPTURE_AUTORELEASING = YES;
				CLANG_WARN_BOOL_CONVERSION = YES;
				CLANG_WARN_COMMA = YES;
				CLANG_WARN_CONSTANT_CONVERSION = YES;
				CLANG_WARN_DEPRECATED_OBJC_IMPLEMENTATIONS = YES;
				CLANG_WARN_DIRECT_OBJC_ISA_USAGE = YES_ERROR;
				CLANG_WARN_DOCUMENTATION_COMMENTS = YES;
				CLANG_WARN_EMPTY_BODY = YES;
				CLANG_WARN_ENUM_CONVERSION = YES;
				CLANG_WARN_INFINITE_RECURSION = YES;
				CLANG_WARN_INT_CONVERSION = YES;
				CLANG_WARN_NON_LITERAL_NULL_CONVERSION = YES;
				CLANG_WARN_OBJC_IMPLICIT_RETAIN_SELF = YES;
				CLANG_WARN_OBJC_LITERAL_CONVERSION = YES;
				CLANG_WARN_OBJC_ROOT_CLASS = YES_ERROR;
				CLANG_WARN_QUOTED_INCLUDE_IN_FRAMEWORK_HEADER = YES;
				CLANG_WARN_RANGE_LOOP_ANALYSIS = YES;
				CLANG_WARN_STRICT_PROTOTYPES = YES;
				CLANG_WARN_SUSPICIOUS_MOVE = YES;
				CLANG_WARN_UNGUARDED_AVAILABILITY = YES_AGGRESSIVE;
				CLANG_WARN_UNREACHABLE_CODE = YES;
				CLANG_WARN__DUPLICATE_METHOD_MATCH = YES;
				COPY_PHASE_STRIP = NO;
				DEBUG_INFORMATION_FORMAT = dwarf;
				ENABLE_STRICT_OBJC_MSGSEND = YES;
				ENABLE_TESTABILITY = YES;
				GCC_C_LANGUAGE_STANDARD = gnu11;
				GCC_DYNAMIC_NO_PIC = NO;
				GCC_NO_COMMON_BLOCKS = YES;
				GCC_OPTIMIZATION_LEVEL = 0;
				GCC_PREPROCESSOR_DEFINITIONS = (
					"DEBUG=1",
					"$(inherited)",
				);
				GCC_WARN_64_TO_32_BIT_CONVERSION = YES;
				GCC_WARN_ABOUT_RETURN_TYPE = YES_ERROR;
				GCC_WARN_UNDECLARED_SELECTOR = YES;
				GCC_WARN_UNINITIALIZED_AUTOS = YES_AGGRESSIVE;
				GCC_WARN_UNUSED_FUNCTION = YES;
				GCC_WARN_UNUSED_VARIABLE = YES;
				IPHONEOS_DEPLOYMENT_TARGET = 15.2;
				MTL_ENABLE_DEBUG_INFO = INCLUDE_SOURCE;
				MTL_FAST_MATH = YES;
				ONLY_ACTIVE_ARCH = YES;
				SDKROOT = iphoneos;
				SWIFT_ACTIVE_COMPILATION_CONDITIONS = DEBUG;
				SWIFT_OPTIMIZATION_LEVEL = "-Onone";
			};
			name = Debug;
		};
		5C791E5327D21B4600D673BA /* Release */ = {
			isa = XCBuildConfiguration;
			buildSettings = {
				ALWAYS_SEARCH_USER_PATHS = NO;
				CLANG_ANALYZER_NONNULL = YES;
				CLANG_ANALYZER_NUMBER_OBJECT_CONVERSION = YES_AGGRESSIVE;
				CLANG_CXX_LANGUAGE_STANDARD = "gnu++17";
				CLANG_CXX_LIBRARY = "libc++";
				CLANG_ENABLE_MODULES = YES;
				CLANG_ENABLE_OBJC_ARC = YES;
				CLANG_ENABLE_OBJC_WEAK = YES;
				CLANG_WARN_BLOCK_CAPTURE_AUTORELEASING = YES;
				CLANG_WARN_BOOL_CONVERSION = YES;
				CLANG_WARN_COMMA = YES;
				CLANG_WARN_CONSTANT_CONVERSION = YES;
				CLANG_WARN_DEPRECATED_OBJC_IMPLEMENTATIONS = YES;
				CLANG_WARN_DIRECT_OBJC_ISA_USAGE = YES_ERROR;
				CLANG_WARN_DOCUMENTATION_COMMENTS = YES;
				CLANG_WARN_EMPTY_BODY = YES;
				CLANG_WARN_ENUM_CONVERSION = YES;
				CLANG_WARN_INFINITE_RECURSION = YES;
				CLANG_WARN_INT_CONVERSION = YES;
				CLANG_WARN_NON_LITERAL_NULL_CONVERSION = YES;
				CLANG_WARN_OBJC_IMPLICIT_RETAIN_SELF = YES;
				CLANG_WARN_OBJC_LITERAL_CONVERSION = YES;
				CLANG_WARN_OBJC_ROOT_CLASS = YES_ERROR;
				CLANG_WARN_QUOTED_INCLUDE_IN_FRAMEWORK_HEADER = YES;
				CLANG_WARN_RANGE_LOOP_ANALYSIS = YES;
				CLANG_WARN_STRICT_PROTOTYPES = YES;
				CLANG_WARN_SUSPICIOUS_MOVE = YES;
				CLANG_WARN_UNGUARDED_AVAILABILITY = YES_AGGRESSIVE;
				CLANG_WARN_UNREACHABLE_CODE = YES;
				CLANG_WARN__DUPLICATE_METHOD_MATCH = YES;
				COPY_PHASE_STRIP = NO;
				DEBUG_INFORMATION_FORMAT = "dwarf-with-dsym";
				ENABLE_NS_ASSERTIONS = NO;
				ENABLE_STRICT_OBJC_MSGSEND = YES;
				GCC_C_LANGUAGE_STANDARD = gnu11;
				GCC_NO_COMMON_BLOCKS = YES;
				GCC_WARN_64_TO_32_BIT_CONVERSION = YES;
				GCC_WARN_ABOUT_RETURN_TYPE = YES_ERROR;
				GCC_WARN_UNDECLARED_SELECTOR = YES;
				GCC_WARN_UNINITIALIZED_AUTOS = YES_AGGRESSIVE;
				GCC_WARN_UNUSED_FUNCTION = YES;
				GCC_WARN_UNUSED_VARIABLE = YES;
				IPHONEOS_DEPLOYMENT_TARGET = 15.2;
				MTL_ENABLE_DEBUG_INFO = NO;
				MTL_FAST_MATH = YES;
				SDKROOT = iphoneos;
				SWIFT_COMPILATION_MODE = wholemodule;
				SWIFT_OPTIMIZATION_LEVEL = "-O";
				VALIDATE_PRODUCT = YES;
			};
			name = Release;
		};
		5C791E5527D21B4600D673BA /* Debug */ = {
			isa = XCBuildConfiguration;
			buildSettings = {
				ASSETCATALOG_COMPILER_APPICON_NAME = AppIcon;
				ASSETCATALOG_COMPILER_GLOBAL_ACCENT_COLOR_NAME = AccentColor;
				CODE_SIGN_STYLE = Automatic;
				CURRENT_PROJECT_VERSION = 1;
				DEVELOPMENT_ASSET_PATHS = "\"MyLib/Preview Content\"";
				DEVELOPMENT_TEAM = AN4B7258WJ;
				ENABLE_PREVIEWS = YES;
				GENERATE_INFOPLIST_FILE = YES;
				INFOPLIST_KEY_UIApplicationSceneManifest_Generation = YES;
				INFOPLIST_KEY_UIApplicationSupportsIndirectInputEvents = YES;
				INFOPLIST_KEY_UILaunchScreen_Generation = YES;
				INFOPLIST_KEY_UISupportedInterfaceOrientations_iPad = "UIInterfaceOrientationPortrait UIInterfaceOrientationPortraitUpsideDown UIInterfaceOrientationLandscapeLeft UIInterfaceOrientationLandscapeRight";
				INFOPLIST_KEY_UISupportedInterfaceOrientations_iPhone = "UIInterfaceOrientationPortrait UIInterfaceOrientationLandscapeLeft UIInterfaceOrientationLandscapeRight";
				LD_RUNPATH_SEARCH_PATHS = (
					"$(inherited)",
					"@executable_path/Frameworks",
				);
				MARKETING_VERSION = 1.0;
				PRODUCT_BUNDLE_IDENTIFIER = ch.malesevic.MyLib;
				PRODUCT_NAME = "$(TARGET_NAME)";
				SWIFT_EMIT_LOC_STRINGS = YES;
				SWIFT_VERSION = 5.0;
				TARGETED_DEVICE_FAMILY = "1,2";
			};
			name = Debug;
		};
		5C791E5627D21B4600D673BA /* Release */ = {
			isa = XCBuildConfiguration;
			buildSettings = {
				ASSETCATALOG_COMPILER_APPICON_NAME = AppIcon;
				ASSETCATALOG_COMPILER_GLOBAL_ACCENT_COLOR_NAME = AccentColor;
				CODE_SIGN_STYLE = Automatic;
				CURRENT_PROJECT_VERSION = 1;
				DEVELOPMENT_ASSET_PATHS = "\"MyLib/Preview Content\"";
				DEVELOPMENT_TEAM = AN4B7258WJ;
				ENABLE_PREVIEWS = YES;
				GENERATE_INFOPLIST_FILE = YES;
				INFOPLIST_KEY_UIApplicationSceneManifest_Generation = YES;
				INFOPLIST_KEY_UIApplicationSupportsIndirectInputEvents = YES;
				INFOPLIST_KEY_UILaunchScreen_Generation = YES;
				INFOPLIST_KEY_UISupportedInterfaceOrientations_iPad = "UIInterfaceOrientationPortrait UIInterfaceOrientationPortraitUpsideDown UIInterfaceOrientationLandscapeLeft UIInterfaceOrientationLandscapeRight";
				INFOPLIST_KEY_UISupportedInterfaceOrientations_iPhone = "UIInterfaceOrientationPortrait UIInterfaceOrientationLandscapeLeft UIInterfaceOrientationLandscapeRight";
				LD_RUNPATH_SEARCH_PATHS = (
					"$(inherited)",
					"@executable_path/Frameworks",
				);
				MARKETING_VERSION = 1.0;
				PRODUCT_BUNDLE_IDENTIFIER = ch.malesevic.MyLib;
				PRODUCT_NAME = "$(TARGET_NAME)";
				SWIFT_EMIT_LOC_STRINGS = YES;
				SWIFT_VERSION = 5.0;
				TARGETED_DEVICE_FAMILY = "1,2";
			};
			name = Release;
		};
		5C791E5827D21B4600D673BA /* Debug */ = {
			isa = XCBuildConfiguration;
			buildSettings = {
				ALWAYS_EMBED_SWIFT_STANDARD_LIBRARIES = YES;
				BUNDLE_LOADER = "$(TEST_HOST)";
				CODE_SIGN_STYLE = Automatic;
				CURRENT_PROJECT_VERSION = 1;
				DEVELOPMENT_TEAM = AN4B7258WJ;
				GENERATE_INFOPLIST_FILE = YES;
				IPHONEOS_DEPLOYMENT_TARGET = 15.2;
				MARKETING_VERSION = 1.0;
				PRODUCT_BUNDLE_IDENTIFIER = ch.malesevic.MyLibTests;
				PRODUCT_NAME = "$(TARGET_NAME)";
				SWIFT_EMIT_LOC_STRINGS = NO;
				SWIFT_VERSION = 5.0;
				TARGETED_DEVICE_FAMILY = "1,2";
				TEST_HOST = "$(BUILT_PRODUCTS_DIR)/MyLib.app/MyLib";
			};
			name = Debug;
		};
		5C791E5927D21B4600D673BA /* Release */ = {
			isa = XCBuildConfiguration;
			buildSettings = {
				ALWAYS_EMBED_SWIFT_STANDARD_LIBRARIES = YES;
				BUNDLE_LOADER = "$(TEST_HOST)";
				CODE_SIGN_STYLE = Automatic;
				CURRENT_PROJECT_VERSION = 1;
				DEVELOPMENT_TEAM = AN4B7258WJ;
				GENERATE_INFOPLIST_FILE = YES;
				IPHONEOS_DEPLOYMENT_TARGET = 15.2;
				MARKETING_VERSION = 1.0;
				PRODUCT_BUNDLE_IDENTIFIER = ch.malesevic.MyLibTests;
				PRODUCT_NAME = "$(TARGET_NAME)";
				SWIFT_EMIT_LOC_STRINGS = NO;
				SWIFT_VERSION = 5.0;
				TARGETED_DEVICE_FAMILY = "1,2";
				TEST_HOST = "$(BUILT_PRODUCTS_DIR)/MyLib.app/MyLib";
			};
			name = Release;
		};
		5C791E5B27D21B4600D673BA /* Debug */ = {
			isa = XCBuildConfiguration;
			buildSettings = {
				ALWAYS_EMBED_SWIFT_STANDARD_LIBRARIES = YES;
				CODE_SIGN_STYLE = Automatic;
				CURRENT_PROJECT_VERSION = 1;
				DEVELOPMENT_TEAM = AN4B7258WJ;
				GENERATE_INFOPLIST_FILE = YES;
				MARKETING_VERSION = 1.0;
				PRODUCT_BUNDLE_IDENTIFIER = ch.malesevic.MyLibUITests;
				PRODUCT_NAME = "$(TARGET_NAME)";
				SWIFT_EMIT_LOC_STRINGS = NO;
				SWIFT_VERSION = 5.0;
				TARGETED_DEVICE_FAMILY = "1,2";
				TEST_TARGET_NAME = MyLib;
			};
			name = Debug;
		};
		5C791E5C27D21B4600D673BA /* Release */ = {
			isa = XCBuildConfiguration;
			buildSettings = {
				ALWAYS_EMBED_SWIFT_STANDARD_LIBRARIES = YES;
				CODE_SIGN_STYLE = Automatic;
				CURRENT_PROJECT_VERSION = 1;
				DEVELOPMENT_TEAM = AN4B7258WJ;
				GENERATE_INFOPLIST_FILE = YES;
				MARKETING_VERSION = 1.0;
				PRODUCT_BUNDLE_IDENTIFIER = ch.malesevic.MyLibUITests;
				PRODUCT_NAME = "$(TARGET_NAME)";
				SWIFT_EMIT_LOC_STRINGS = NO;
				SWIFT_VERSION = 5.0;
				TARGETED_DEVICE_FAMILY = "1,2";
				TEST_TARGET_NAME = MyLib;
			};
			name = Release;
		};
/* End XCBuildConfiguration section */

/* Begin XCConfigurationList section */
		5C791E2627D21B4000D673BA /* Build configuration list for PBXProject "MyLib" */ = {
			isa = XCConfigurationList;
			buildConfigurations = (
				5C791E5227D21B4600D673BA /* Debug */,
				5C791E5327D21B4600D673BA /* Release */,
			);
			defaultConfigurationIsVisible = 0;
			defaultConfigurationName = Release;
		};
		5C791E5427D21B4600D673BA /* Build configuration list for PBXNativeTarget "MyLib" */ = {
			isa = XCConfigurationList;
			buildConfigurations = (
				5C791E5527D21B4600D673BA /* Debug */,
				5C791E5627D21B4600D673BA /* Release */,
			);
			defaultConfigurationIsVisible = 0;
			defaultConfigurationName = Release;
		};
		5C791E5727D21B4600D673BA /* Build configuration list for PBXNativeTarget "MyLibTests" */ = {
			isa = XCConfigurationList;
			buildConfigurations = (
				5C791E5827D21B4600D673BA /* Debug */,
				5C791E5927D21B4600D673BA /* Release */,
			);
			defaultConfigurationIsVisible = 0;
			defaultConfigurationName = Release;
		};
		5C791E5A27D21B4600D673BA /* Build configuration list for PBXNativeTarget "MyLibUITests" */ = {
			isa = XCConfigurationList;
			buildConfigurations = (
				5C791E5B27D21B4600D673BA /* Debug */,
				5C791E5C27D21B4600D673BA /* Release */,
			);
			defaultConfigurationIsVisible = 0;
			defaultConfigurationName = Release;
		};
/* End XCConfigurationList section */

/* Begin XCVersionGroup section */
		5C791E3927D21B4600D673BA /* MyLib.xcdatamodeld */ = {
			isa = XCVersionGroup;
			children = (
				5C791E3A27D21B4600D673BA /* MyLib.xcdatamodel */,
			);
			currentVersion = 5C791E3A27D21B4600D673BA /* MyLib.xcdatamodel */;
			path = MyLib.xcdatamodeld;
			sourceTree = "<group>";
			versionGroupType = wrapper.xcdatamodel;
		};
/* End XCVersionGroup section */
	};
	rootObject = 5C791E2327D21B4000D673BA /* Project object */;
}
